
Microsoft Visual Studio Solution File, Format Version 12.00
# Visual Studio Version 16
VisualStudioVersion = 16.0.30621.155
MinimumVisualStudioVersion = 10.0.40219.1
Project("{FAE04EC0-301F-11D3-BF4B-00C04F79EFBC}") = "StatePattern", "StatePattern.csproj", "{8D2ADC37-6AA0-498B-B37E-DBC32D23F19F}"
EndProject
Global
	GlobalSection(SolutionConfigurationPlatforms) = preSolution
		Debug|Any CPU = Debug|Any CPU
		Release|Any CPU = Release|Any CPU
	EndGlobalSection
	GlobalSection(ProjectConfigurationPlatforms) = postSolution
		{8D2ADC37-6AA0-498B-B37E-DBC32D23F19F}.Debug|Any CPU.ActiveCfg = Debug|Any CPU
		{8D2ADC37-6AA0-498B-B37E-DBC32D23F19F}.Debug|Any CPU.Build.0 = Debug|Any CPU
		{8D2ADC37-6AA0-498B-B37E-DBC32D23F19F}.Release|Any CPU.ActiveCfg = Release|Any CPU
		{8D2ADC37-6AA0-498B-B37E-DBC32D23F19F}.Release|Any CPU.Build.0 = Release|Any CPU
	EndGlobalSection
	GlobalSection(SolutionProperties) = preSolution
		HideSolutionNode = FALSE
	EndGlobalSection
	GlobalSection(ExtensibilityGlobals) = postSolution
		SolutionGuid = {AD7CC0F6-9D8C-4A81-BB0A-DC5053E66B4F}
	EndGlobalSection
EndGlobal
